
Microsoft Visual Studio Solution File, Format Version 12.00
# Visual Studio Version 17
VisualStudioVersion = 17.4.33103.184
MinimumVisualStudioVersion = 10.0.40219.1
Project("{FAE04EC0-301F-11D3-BF4B-00C04F79EFBC}") = "OVNIManager2000", "OVNIManager2000\OVNIManager2000.csproj", "{99C5E1EC-0ADC-4ACD-A442-6DBFC28DD0FA}"
EndProject
Project("{FAE04EC0-301F-11D3-BF4B-00C04F79EFBC}") = "BibliotecaOVNI", "BibliotecaOVNI\BibliotecaOVNI\BibliotecaOVNI.csproj", "{7577C21D-1E10-4713-BC20-5339BEE758AF}"
EndProject
Global
	GlobalSection(SolutionConfigurationPlatforms) = preSolution
		Debug|Any CPU = Debug|Any CPU
		Release|Any CPU = Release|Any CPU
	EndGlobalSection
	GlobalSection(ProjectConfigurationPlatforms) = postSolution
		{99C5E1EC-0ADC-4ACD-A442-6DBFC28DD0FA}.Debug|Any CPU.ActiveCfg = Debug|Any CPU
		{99C5E1EC-0ADC-4ACD-A442-6DBFC28DD0FA}.Debug|Any CPU.Build.0 = Debug|Any CPU
		{99C5E1EC-0ADC-4ACD-A442-6DBFC28DD0FA}.Release|Any CPU.ActiveCfg = Release|Any CPU
		{99C5E1EC-0ADC-4ACD-A442-6DBFC28DD0FA}.Release|Any CPU.Build.0 = Release|Any CPU
		{7577C21D-1E10-4713-BC20-5339BEE758AF}.Debug|Any CPU.ActiveCfg = Debug|Any CPU
		{7577C21D-1E10-4713-BC20-5339BEE758AF}.Debug|Any CPU.Build.0 = Debug|Any CPU
		{7577C21D-1E10-4713-BC20-5339BEE758AF}.Release|Any CPU.ActiveCfg = Release|Any CPU
		{7577C21D-1E10-4713-BC20-5339BEE758AF}.Release|Any CPU.Build.0 = Release|Any CPU
	EndGlobalSection
	GlobalSection(SolutionProperties) = preSolution
		HideSolutionNode = FALSE
	EndGlobalSection
	GlobalSection(ExtensibilityGlobals) = postSolution
		SolutionGuid = {3E10C5B4-5C05-4876-8E70-3335823CE660}
	EndGlobalSection
EndGlobal
